// !$*UTF8*$!
{
	archiveVersion = 1;
	classes = {
	};
	objectVersion = 52;
	objects = {

/* Begin PBXBuildFile section */
		3366FC3A24E45A1700E973BB /* AppDelegate.swift in Sources */ = {isa = PBXBuildFile; fileRef = 3366FC3924E45A1700E973BB /* AppDelegate.swift */; };
		3366FC3C24E45A1700E973BB /* SceneDelegate.swift in Sources */ = {isa = PBXBuildFile; fileRef = 3366FC3B24E45A1700E973BB /* SceneDelegate.swift */; };
		3366FC3E24E45A1700E973BB /* ContentView.swift in Sources */ = {isa = PBXBuildFile; fileRef = 3366FC3D24E45A1700E973BB /* ContentView.swift */; };
		3366FC4024E45A2000E973BB /* Assets.xcassets in Resources */ = {isa = PBXBuildFile; fileRef = 3366FC3F24E45A2000E973BB /* Assets.xcassets */; };
		3366FC4324E45A2000E973BB /* Preview Assets.xcassets in Resources */ = {isa = PBXBuildFile; fileRef = 3366FC4224E45A2000E973BB /* Preview Assets.xcassets */; };
		3366FC4624E45A2000E973BB /* LaunchScreen.storyboard in Resources */ = {isa = PBXBuildFile; fileRef = 3366FC4424E45A2000E973BB /* LaunchScreen.storyboard */; };
		3366FC5124E45A2000E973BB /* CounterReduxTests.swift in Sources */ = {isa = PBXBuildFile; fileRef = 3366FC5024E45A2000E973BB /* CounterReduxTests.swift */; };
		3366FC5C24E45A2000E973BB /* CounterReduxUITests.swift in Sources */ = {isa = PBXBuildFile; fileRef = 3366FC5B24E45A2000E973BB /* CounterReduxUITests.swift */; };
		3366FC6D24E45B6000E973BB /* ReSwift in Frameworks */ = {isa = PBXBuildFile; productRef = 3366FC6C24E45B6000E973BB /* ReSwift */; };
		3366FC7224E5241A00E973BB /* CounterState.swift in Sources */ = {isa = PBXBuildFile; fileRef = 3366FC7124E5241A00E973BB /* CounterState.swift */; };
		3366FC7524E5248D00E973BB /* CounterStateReducer.swift in Sources */ = {isa = PBXBuildFile; fileRef = 3366FC7424E5248D00E973BB /* CounterStateReducer.swift */; };
		3366FC7824E525F800E973BB /* CounterAction.swift in Sources */ = {isa = PBXBuildFile; fileRef = 3366FC7724E525F800E973BB /* CounterAction.swift */; };
		3366FC7A24E52D3700E973BB /* DefaultStore.swift in Sources */ = {isa = PBXBuildFile; fileRef = 3366FC7924E52D3700E973BB /* DefaultStore.swift */; };
/* End PBXBuildFile section */

/* Begin PBXContainerItemProxy section */
		3366FC4D24E45A2000E973BB /* PBXContainerItemProxy */ = {
			isa = PBXContainerItemProxy;
			containerPortal = 3366FC2E24E45A1700E973BB /* Project object */;
			proxyType = 1;
			remoteGlobalIDString = 3366FC3524E45A1700E973BB;
			remoteInfo = CounterRedux;
		};
		3366FC5824E45A2000E973BB /* PBXContainerItemProxy */ = {
			isa = PBXContainerItemProxy;
			containerPortal = 3366FC2E24E45A1700E973BB /* Project object */;
			proxyType = 1;
			remoteGlobalIDString = 3366FC3524E45A1700E973BB;
			remoteInfo = CounterRedux;
		};
/* End PBXContainerItemProxy section */

/* Begin PBXFileReference section */
		3366FC3624E45A1700E973BB /* CounterRedux.app */ = {isa = PBXFileReference; explicitFileType = wrapper.application; includeInIndex = 0; path = CounterRedux.app; sourceTree = BUILT_PRODUCTS_DIR; };
		3366FC3924E45A1700E973BB /* AppDelegate.swift */ = {isa = PBXFileReference; lastKnownFileType = sourcecode.swift; path = AppDelegate.swift; sourceTree = "<group>"; };
		3366FC3B24E45A1700E973BB /* SceneDelegate.swift */ = {isa = PBXFileReference; lastKnownFileType = sourcecode.swift; path = SceneDelegate.swift; sourceTree = "<group>"; };
		3366FC3D24E45A1700E973BB /* ContentView.swift */ = {isa = PBXFileReference; lastKnownFileType = sourcecode.swift; path = ContentView.swift; sourceTree = "<group>"; };
		3366FC3F24E45A2000E973BB /* Assets.xcassets */ = {isa = PBXFileReference; lastKnownFileType = folder.assetcatalog; path = Assets.xcassets; sourceTree = "<group>"; };
		3366FC4224E45A2000E973BB /* Preview Assets.xcassets */ = {isa = PBXFileReference; lastKnownFileType = folder.assetcatalog; path = "Preview Assets.xcassets"; sourceTree = "<group>"; };
		3366FC4524E45A2000E973BB /* Base */ = {isa = PBXFileReference; lastKnownFileType = file.storyboard; name = Base; path = Base.lproj/LaunchScreen.storyboard; sourceTree = "<group>"; };
		3366FC4724E45A2000E973BB /* Info.plist */ = {isa = PBXFileReference; lastKnownFileType = text.plist.xml; path = Info.plist; sourceTree = "<group>"; };
		3366FC4C24E45A2000E973BB /* CounterReduxTests.xctest */ = {isa = PBXFileReference; explicitFileType = wrapper.cfbundle; includeInIndex = 0; path = CounterReduxTests.xctest; sourceTree = BUILT_PRODUCTS_DIR; };
		3366FC5024E45A2000E973BB /* CounterReduxTests.swift */ = {isa = PBXFileReference; lastKnownFileType = sourcecode.swift; path = CounterReduxTests.swift; sourceTree = "<group>"; };
		3366FC5224E45A2000E973BB /* Info.plist */ = {isa = PBXFileReference; lastKnownFileType = text.plist.xml; path = Info.plist; sourceTree = "<group>"; };
		3366FC5724E45A2000E973BB /* CounterReduxUITests.xctest */ = {isa = PBXFileReference; explicitFileType = wrapper.cfbundle; includeInIndex = 0; path = CounterReduxUITests.xctest; sourceTree = BUILT_PRODUCTS_DIR; };
		3366FC5B24E45A2000E973BB /* CounterReduxUITests.swift */ = {isa = PBXFileReference; lastKnownFileType = sourcecode.swift; path = CounterReduxUITests.swift; sourceTree = "<group>"; };
		3366FC5D24E45A2000E973BB /* Info.plist */ = {isa = PBXFileReference; lastKnownFileType = text.plist.xml; path = Info.plist; sourceTree = "<group>"; };
		3366FC7124E5241A00E973BB /* CounterState.swift */ = {isa = PBXFileReference; lastKnownFileType = sourcecode.swift; path = CounterState.swift; sourceTree = "<group>"; };
		3366FC7424E5248D00E973BB /* CounterStateReducer.swift */ = {isa = PBXFileReference; lastKnownFileType = sourcecode.swift; path = CounterStateReducer.swift; sourceTree = "<group>"; };
		3366FC7724E525F800E973BB /* CounterAction.swift */ = {isa = PBXFileReference; lastKnownFileType = sourcecode.swift; path = CounterAction.swift; sourceTree = "<group>"; };
		3366FC7924E52D3700E973BB /* DefaultStore.swift */ = {isa = PBXFileReference; lastKnownFileType = sourcecode.swift; path = DefaultStore.swift; sourceTree = "<group>"; };
/* End PBXFileReference section */

/* Begin PBXFrameworksBuildPhase section */
		3366FC3324E45A1700E973BB /* Frameworks */ = {
			isa = PBXFrameworksBuildPhase;
			buildActionMask = 2147483647;
			files = (
				3366FC6D24E45B6000E973BB /* ReSwift in Frameworks */,
			);
			runOnlyForDeploymentPostprocessing = 0;
		};
		3366FC4924E45A2000E973BB /* Frameworks */ = {
			isa = PBXFrameworksBuildPhase;
			buildActionMask = 2147483647;
			files = (
			);
			runOnlyForDeploymentPostprocessing = 0;
		};
		3366FC5424E45A2000E973BB /* Frameworks */ = {
			isa = PBXFrameworksBuildPhase;
			buildActionMask = 2147483647;
			files = (
			);
			runOnlyForDeploymentPostprocessing = 0;
		};
/* End PBXFrameworksBuildPhase section */

/* Begin PBXGroup section */
		3366FC2D24E45A1700E973BB = {
			isa = PBXGroup;
			children = (
				3366FC3824E45A1700E973BB /* CounterRedux */,
				3366FC4F24E45A2000E973BB /* CounterReduxTests */,
				3366FC5A24E45A2000E973BB /* CounterReduxUITests */,
				3366FC3724E45A1700E973BB /* Products */,
			);
			sourceTree = "<group>";
		};
		3366FC3724E45A1700E973BB /* Products */ = {
			isa = PBXGroup;
			children = (
				3366FC3624E45A1700E973BB /* CounterRedux.app */,
				3366FC4C24E45A2000E973BB /* CounterReduxTests.xctest */,
				3366FC5724E45A2000E973BB /* CounterReduxUITests.xctest */,
			);
			name = Products;
			sourceTree = "<group>";
		};
		3366FC3824E45A1700E973BB /* CounterRedux */ = {
			isa = PBXGroup;
			children = (
				3366FC7924E52D3700E973BB /* DefaultStore.swift */,
				3366FC7624E525E500E973BB /* Actions */,
				3366FC7324E5247D00E973BB /* Reducers */,
				3366FC7024E5240300E973BB /* State */,
				3366FC3924E45A1700E973BB /* AppDelegate.swift */,
				3366FC3B24E45A1700E973BB /* SceneDelegate.swift */,
				3366FC3D24E45A1700E973BB /* ContentView.swift */,
				3366FC3F24E45A2000E973BB /* Assets.xcassets */,
				3366FC4424E45A2000E973BB /* LaunchScreen.storyboard */,
				3366FC4724E45A2000E973BB /* Info.plist */,
				3366FC4124E45A2000E973BB /* Preview Content */,
			);
			path = CounterRedux;
			sourceTree = "<group>";
		};
		3366FC4124E45A2000E973BB /* Preview Content */ = {
			isa = PBXGroup;
			children = (
				3366FC4224E45A2000E973BB /* Preview Assets.xcassets */,
			);
			path = "Preview Content";
			sourceTree = "<group>";
		};
		3366FC4F24E45A2000E973BB /* CounterReduxTests */ = {
			isa = PBXGroup;
			children = (
				3366FC5024E45A2000E973BB /* CounterReduxTests.swift */,
				3366FC5224E45A2000E973BB /* Info.plist */,
			);
			path = CounterReduxTests;
			sourceTree = "<group>";
		};
		3366FC5A24E45A2000E973BB /* CounterReduxUITests */ = {
			isa = PBXGroup;
			children = (
				3366FC5B24E45A2000E973BB /* CounterReduxUITests.swift */,
				3366FC5D24E45A2000E973BB /* Info.plist */,
			);
			path = CounterReduxUITests;
			sourceTree = "<group>";
		};
		3366FC7024E5240300E973BB /* State */ = {
			isa = PBXGroup;
			children = (
				3366FC7124E5241A00E973BB /* CounterState.swift */,
			);
			path = State;
			sourceTree = "<group>";
		};
		3366FC7324E5247D00E973BB /* Reducers */ = {
			isa = PBXGroup;
			children = (
				3366FC7424E5248D00E973BB /* CounterStateReducer.swift */,
			);
			path = Reducers;
			sourceTree = "<group>";
		};
		3366FC7624E525E500E973BB /* Actions */ = {
			isa = PBXGroup;
			children = (
				3366FC7724E525F800E973BB /* CounterAction.swift */,
			);
			path = Actions;
			sourceTree = "<group>";
		};
/* End PBXGroup section */

/* Begin PBXNativeTarget section */
		3366FC3524E45A1700E973BB /* CounterRedux */ = {
			isa = PBXNativeTarget;
			buildConfigurationList = 3366FC6024E45A2000E973BB /* Build configuration list for PBXNativeTarget "CounterRedux" */;
			buildPhases = (
				3366FC3224E45A1700E973BB /* Sources */,
				3366FC3324E45A1700E973BB /* Frameworks */,
				3366FC3424E45A1700E973BB /* Resources */,
			);
			buildRules = (
			);
			dependencies = (
			);
			name = CounterRedux;
			packageProductDependencies = (
				3366FC6C24E45B6000E973BB /* ReSwift */,
			);
			productName = CounterRedux;
			productReference = 3366FC3624E45A1700E973BB /* CounterRedux.app */;
			productType = "com.apple.product-type.application";
		};
		3366FC4B24E45A2000E973BB /* CounterReduxTests */ = {
			isa = PBXNativeTarget;
			buildConfigurationList = 3366FC6324E45A2000E973BB /* Build configuration list for PBXNativeTarget "CounterReduxTests" */;
			buildPhases = (
				3366FC4824E45A2000E973BB /* Sources */,
				3366FC4924E45A2000E973BB /* Frameworks */,
				3366FC4A24E45A2000E973BB /* Resources */,
			);
			buildRules = (
			);
			dependencies = (
				3366FC4E24E45A2000E973BB /* PBXTargetDependency */,
			);
			name = CounterReduxTests;
			productName = CounterReduxTests;
			productReference = 3366FC4C24E45A2000E973BB /* CounterReduxTests.xctest */;
			productType = "com.apple.product-type.bundle.unit-test";
		};
		3366FC5624E45A2000E973BB /* CounterReduxUITests */ = {
			isa = PBXNativeTarget;
			buildConfigurationList = 3366FC6624E45A2000E973BB /* Build configuration list for PBXNativeTarget "CounterReduxUITests" */;
			buildPhases = (
				3366FC5324E45A2000E973BB /* Sources */,
				3366FC5424E45A2000E973BB /* Frameworks */,
				3366FC5524E45A2000E973BB /* Resources */,
			);
			buildRules = (
			);
			dependencies = (
				3366FC5924E45A2000E973BB /* PBXTargetDependency */,
			);
			name = CounterReduxUITests;
			productName = CounterReduxUITests;
			productReference = 3366FC5724E45A2000E973BB /* CounterReduxUITests.xctest */;
			productType = "com.apple.product-type.bundle.ui-testing";
		};
/* End PBXNativeTarget section */

/* Begin PBXProject section */
		3366FC2E24E45A1700E973BB /* Project object */ = {
			isa = PBXProject;
			attributes = {
				LastSwiftUpdateCheck = 1120;
				LastUpgradeCheck = 1120;
				ORGANIZATIONNAME = "Meidiana Monica";
				TargetAttributes = {
					3366FC3524E45A1700E973BB = {
						CreatedOnToolsVersion = 11.2.1;
					};
					3366FC4B24E45A2000E973BB = {
						CreatedOnToolsVersion = 11.2.1;
						TestTargetID = 3366FC3524E45A1700E973BB;
					};
					3366FC5624E45A2000E973BB = {
						CreatedOnToolsVersion = 11.2.1;
						TestTargetID = 3366FC3524E45A1700E973BB;
					};
				};
			};
			buildConfigurationList = 3366FC3124E45A1700E973BB /* Build configuration list for PBXProject "CounterRedux" */;
			compatibilityVersion = "Xcode 9.3";
			developmentRegion = en;
			hasScannedForEncodings = 0;
			knownRegions = (
				en,
				Base,
			);
			mainGroup = 3366FC2D24E45A1700E973BB;
			packageReferences = (
				3366FC6B24E45B6000E973BB /* XCRemoteSwiftPackageReference "ReSwift" */,
			);
			productRefGroup = 3366FC3724E45A1700E973BB /* Products */;
			projectDirPath = "";
			projectRoot = "";
			targets = (
				3366FC3524E45A1700E973BB /* CounterRedux */,
				3366FC4B24E45A2000E973BB /* CounterReduxTests */,
				3366FC5624E45A2000E973BB /* CounterReduxUITests */,
			);
		};
/* End PBXProject section */

/* Begin PBXResourcesBuildPhase section */
		3366FC3424E45A1700E973BB /* Resources */ = {
			isa = PBXResourcesBuildPhase;
			buildActionMask = 2147483647;
			files = (
				3366FC4624E45A2000E973BB /* LaunchScreen.storyboard in Resources */,
				3366FC4324E45A2000E973BB /* Preview Assets.xcassets in Resources */,
				3366FC4024E45A2000E973BB /* Assets.xcassets in Resources */,
			);
			runOnlyForDeploymentPostprocessing = 0;
		};
		3366FC4A24E45A2000E973BB /* Resources */ = {
			isa = PBXResourcesBuildPhase;
			buildActionMask = 2147483647;
			files = (
			);
			runOnlyForDeploymentPostprocessing = 0;
		};
		3366FC5524E45A2000E973BB /* Resources */ = {
			isa = PBXResourcesBuildPhase;
			buildActionMask = 2147483647;
			files = (
			);
			runOnlyForDeploymentPostprocessing = 0;
		};
/* End PBXResourcesBuildPhase section */

/* Begin PBXSourcesBuildPhase section */
		3366FC3224E45A1700E973BB /* Sources */ = {
			isa = PBXSourcesBuildPhase;
			buildActionMask = 2147483647;
			files = (
				3366FC3A24E45A1700E973BB /* AppDelegate.swift in Sources */,
				3366FC3C24E45A1700E973BB /* SceneDelegate.swift in Sources */,
				3366FC3E24E45A1700E973BB /* ContentView.swift in Sources */,
				3366FC7824E525F800E973BB /* CounterAction.swift in Sources */,
				3366FC7A24E52D3700E973BB /* DefaultStore.swift in Sources */,
				3366FC7524E5248D00E973BB /* CounterStateReducer.swift in Sources */,
				3366FC7224E5241A00E973BB /* CounterState.swift in Sources */,
			);
			runOnlyForDeploymentPostprocessing = 0;
		};
		3366FC4824E45A2000E973BB /* Sources */ = {
			isa = PBXSourcesBuildPhase;
			buildActionMask = 2147483647;
			files = (
				3366FC5124E45A2000E973BB /* CounterReduxTests.swift in Sources */,
			);
			runOnlyForDeploymentPostprocessing = 0;
		};
		3366FC5324E45A2000E973BB /* Sources */ = {
			isa = PBXSourcesBuildPhase;
			buildActionMask = 2147483647;
			files = (
				3366FC5C24E45A2000E973BB /* CounterReduxUITests.swift in Sources */,
			);
			runOnlyForDeploymentPostprocessing = 0;
		};
/* End PBXSourcesBuildPhase section */

/* Begin PBXTargetDependency section */
		3366FC4E24E45A2000E973BB /* PBXTargetDependency */ = {
			isa = PBXTargetDependency;
			target = 3366FC3524E45A1700E973BB /* CounterRedux */;
			targetProxy = 3366FC4D24E45A2000E973BB /* PBXContainerItemProxy */;
		};
		3366FC5924E45A2000E973BB /* PBXTargetDependency */ = {
			isa = PBXTargetDependency;
			target = 3366FC3524E45A1700E973BB /* CounterRedux */;
			targetProxy = 3366FC5824E45A2000E973BB /* PBXContainerItemProxy */;
		};
/* End PBXTargetDependency section */

/* Begin PBXVariantGroup section */
		3366FC4424E45A2000E973BB /* LaunchScreen.storyboard */ = {
			isa = PBXVariantGroup;
			children = (
				3366FC4524E45A2000E973BB /* Base */,
			);
			name = LaunchScreen.storyboard;
			sourceTree = "<group>";
		};
/* End PBXVariantGroup section */

/* Begin XCBuildConfiguration section */
		3366FC5E24E45A2000E973BB /* Debug */ = {
			isa = XCBuildConfiguration;
			buildSettings = {
				ALWAYS_SEARCH_USER_PATHS = NO;
				CLANG_ANALYZER_NONNULL = YES;
				CLANG_ANALYZER_NUMBER_OBJECT_CONVERSION = YES_AGGRESSIVE;
				CLANG_CXX_LANGUAGE_STANDARD = "gnu++14";
				CLANG_CXX_LIBRARY = "libc++";
				CLANG_ENABLE_MODULES = YES;
				CLANG_ENABLE_OBJC_ARC = YES;
				CLANG_ENABLE_OBJC_WEAK = YES;
				CLANG_WARN_BLOCK_CAPTURE_AUTORELEASING = YES;
				CLANG_WARN_BOOL_CONVERSION = YES;
				CLANG_WARN_COMMA = YES;
				CLANG_WARN_CONSTANT_CONVERSION = YES;
				CLANG_WARN_DEPRECATED_OBJC_IMPLEMENTATIONS = YES;
				CLANG_WARN_DIRECT_OBJC_ISA_USAGE = YES_ERROR;
				CLANG_WARN_DOCUMENTATION_COMMENTS = YES;
				CLANG_WARN_EMPTY_BODY = YES;
				CLANG_WARN_ENUM_CONVERSION = YES;
				CLANG_WARN_INFINITE_RECURSION = YES;
				CLANG_WARN_INT_CONVERSION = YES;
				CLANG_WARN_NON_LITERAL_NULL_CONVERSION = YES;
				CLANG_WARN_OBJC_IMPLICIT_RETAIN_SELF = YES;
				CLANG_WARN_OBJC_LITERAL_CONVERSION = YES;
				CLANG_WARN_OBJC_ROOT_CLASS = YES_ERROR;
				CLANG_WARN_RANGE_LOOP_ANALYSIS = YES;
				CLANG_WARN_STRICT_PROTOTYPES = YES;
				CLANG_WARN_SUSPICIOUS_MOVE = YES;
				CLANG_WARN_UNGUARDED_AVAILABILITY = YES_AGGRESSIVE;
				CLANG_WARN_UNREACHABLE_CODE = YES;
				CLANG_WARN__DUPLICATE_METHOD_MATCH = YES;
				COPY_PHASE_STRIP = NO;
				DEBUG_INFORMATION_FORMAT = dwarf;
				ENABLE_STRICT_OBJC_MSGSEND = YES;
				ENABLE_TESTABILITY = YES;
				GCC_C_LANGUAGE_STANDARD = gnu11;
				GCC_DYNAMIC_NO_PIC = NO;
				GCC_NO_COMMON_BLOCKS = YES;
				GCC_OPTIMIZATION_LEVEL = 0;
				GCC_PREPROCESSOR_DEFINITIONS = (
					"DEBUG=1",
					"$(inherited)",
				);
				GCC_WARN_64_TO_32_BIT_CONVERSION = YES;
				GCC_WARN_ABOUT_RETURN_TYPE = YES_ERROR;
				GCC_WARN_UNDECLARED_SELECTOR = YES;
				GCC_WARN_UNINITIALIZED_AUTOS = YES_AGGRESSIVE;
				GCC_WARN_UNUSED_FUNCTION = YES;
				GCC_WARN_UNUSED_VARIABLE = YES;
				IPHONEOS_DEPLOYMENT_TARGET = 13.2;
				MTL_ENABLE_DEBUG_INFO = INCLUDE_SOURCE;
				MTL_FAST_MATH = YES;
				ONLY_ACTIVE_ARCH = YES;
				SDKROOT = iphoneos;
				SWIFT_ACTIVE_COMPILATION_CONDITIONS = DEBUG;
				SWIFT_OPTIMIZATION_LEVEL = "-Onone";
			};
			name = Debug;
		};
		3366FC5F24E45A2000E973BB /* Release */ = {
			isa = XCBuildConfiguration;
			buildSettings = {
				ALWAYS_SEARCH_USER_PATHS = NO;
				CLANG_ANALYZER_NONNULL = YES;
				CLANG_ANALYZER_NUMBER_OBJECT_CONVERSION = YES_AGGRESSIVE;
				CLANG_CXX_LANGUAGE_STANDARD = "gnu++14";
				CLANG_CXX_LIBRARY = "libc++";
				CLANG_ENABLE_MODULES = YES;
				CLANG_ENABLE_OBJC_ARC = YES;
				CLANG_ENABLE_OBJC_WEAK = YES;
				CLANG_WARN_BLOCK_CAPTURE_AUTORELEASING = YES;
				CLANG_WARN_BOOL_CONVERSION = YES;
				CLANG_WARN_COMMA = YES;
				CLANG_WARN_CONSTANT_CONVERSION = YES;
				CLANG_WARN_DEPRECATED_OBJC_IMPLEMENTATIONS = YES;
				CLANG_WARN_DIRECT_OBJC_ISA_USAGE = YES_ERROR;
				CLANG_WARN_DOCUMENTATION_COMMENTS = YES;
				CLANG_WARN_EMPTY_BODY = YES;
				CLANG_WARN_ENUM_CONVERSION = YES;
				CLANG_WARN_INFINITE_RECURSION = YES;
				CLANG_WARN_INT_CONVERSION = YES;
				CLANG_WARN_NON_LITERAL_NULL_CONVERSION = YES;
				CLANG_WARN_OBJC_IMPLICIT_RETAIN_SELF = YES;
				CLANG_WARN_OBJC_LITERAL_CONVERSION = YES;
				CLANG_WARN_OBJC_ROOT_CLASS = YES_ERROR;
				CLANG_WARN_RANGE_LOOP_ANALYSIS = YES;
				CLANG_WARN_STRICT_PROTOTYPES = YES;
				CLANG_WARN_SUSPICIOUS_MOVE = YES;
				CLANG_WARN_UNGUARDED_AVAILABILITY = YES_AGGRESSIVE;
				CLANG_WARN_UNREACHABLE_CODE = YES;
				CLANG_WARN__DUPLICATE_METHOD_MATCH = YES;
				COPY_PHASE_STRIP = NO;
				DEBUG_INFORMATION_FORMAT = "dwarf-with-dsym";
				ENABLE_NS_ASSERTIONS = NO;
				ENABLE_STRICT_OBJC_MSGSEND = YES;
				GCC_C_LANGUAGE_STANDARD = gnu11;
				GCC_NO_COMMON_BLOCKS = YES;
				GCC_WARN_64_TO_32_BIT_CONVERSION = YES;
				GCC_WARN_ABOUT_RETURN_TYPE = YES_ERROR;
				GCC_WARN_UNDECLARED_SELECTOR = YES;
				GCC_WARN_UNINITIALIZED_AUTOS = YES_AGGRESSIVE;
				GCC_WARN_UNUSED_FUNCTION = YES;
				GCC_WARN_UNUSED_VARIABLE = YES;
				IPHONEOS_DEPLOYMENT_TARGET = 13.2;
				MTL_ENABLE_DEBUG_INFO = NO;
				MTL_FAST_MATH = YES;
				SDKROOT = iphoneos;
				SWIFT_COMPILATION_MODE = wholemodule;
				SWIFT_OPTIMIZATION_LEVEL = "-O";
				VALIDATE_PRODUCT = YES;
			};
			name = Release;
		};
		3366FC6124E45A2000E973BB /* Debug */ = {
			isa = XCBuildConfiguration;
			buildSettings = {
				ASSETCATALOG_COMPILER_APPICON_NAME = AppIcon;
				CODE_SIGN_STYLE = Automatic;
				DEVELOPMENT_ASSET_PATHS = "\"CounterRedux/Preview Content\"";
				DEVELOPMENT_TEAM = TPEU763568;
				ENABLE_PREVIEWS = YES;
				INFOPLIST_FILE = CounterRedux/Info.plist;
				LD_RUNPATH_SEARCH_PATHS = (
					"$(inherited)",
					"@executable_path/Frameworks",
				);
				PRODUCT_BUNDLE_IDENTIFIER = mei.CounterRedux;
				PRODUCT_NAME = "$(TARGET_NAME)";
				SWIFT_VERSION = 5.0;
				TARGETED_DEVICE_FAMILY = "1,2";
			};
			name = Debug;
		};
		3366FC6224E45A2000E973BB /* Release */ = {
			isa = XCBuildConfiguration;
			buildSettings = {
				ASSETCATALOG_COMPILER_APPICON_NAME = AppIcon;
				CODE_SIGN_STYLE = Automatic;
				DEVELOPMENT_ASSET_PATHS = "\"CounterRedux/Preview Content\"";
				DEVELOPMENT_TEAM = TPEU763568;
				ENABLE_PREVIEWS = YES;
				INFOPLIST_FILE = CounterRedux/Info.plist;
				LD_RUNPATH_SEARCH_PATHS = (
					"$(inherited)",
					"@executable_path/Frameworks",
				);
				PRODUCT_BUNDLE_IDENTIFIER = mei.CounterRedux;
				PRODUCT_NAME = "$(TARGET_NAME)";
				SWIFT_VERSION = 5.0;
				TARGETED_DEVICE_FAMILY = "1,2";
			};
			name = Release;
		};
		3366FC6424E45A2000E973BB /* Debug */ = {
			isa = XCBuildConfiguration;
			buildSettings = {
				ALWAYS_EMBED_SWIFT_STANDARD_LIBRARIES = YES;
				BUNDLE_LOADER = "$(TEST_HOST)";
				CODE_SIGN_STYLE = Automatic;
				DEVELOPMENT_TEAM = TPEU763568;
				INFOPLIST_FILE = CounterReduxTests/Info.plist;
				IPHONEOS_DEPLOYMENT_TARGET = 13.2;
				LD_RUNPATH_SEARCH_PATHS = (
					"$(inherited)",
					"@executable_path/Frameworks",
					"@loader_path/Frameworks",
				);
				PRODUCT_BUNDLE_IDENTIFIER = mei.CounterReduxTests;
				PRODUCT_NAME = "$(TARGET_NAME)";
				SWIFT_VERSION = 5.0;
				TARGETED_DEVICE_FAMILY = "1,2";
				TEST_HOST = "$(BUILT_PRODUCTS_DIR)/CounterRedux.app/CounterRedux";
			};
			name = Debug;
		};
		3366FC6524E45A2000E973BB /* Release */ = {
			isa = XCBuildConfiguration;
			buildSettings = {
				ALWAYS_EMBED_SWIFT_STANDARD_LIBRARIES = YES;
				BUNDLE_LOADER = "$(TEST_HOST)";
				CODE_SIGN_STYLE = Automatic;
				DEVELOPMENT_TEAM = TPEU763568;
				INFOPLIST_FILE = CounterReduxTests/Info.plist;
				IPHONEOS_DEPLOYMENT_TARGET = 13.2;
				LD_RUNPATH_SEARCH_PATHS = (
					"$(inherited)",
					"@executable_path/Frameworks",
					"@loader_path/Frameworks",
				);
				PRODUCT_BUNDLE_IDENTIFIER = mei.CounterReduxTests;
				PRODUCT_NAME = "$(TARGET_NAME)";
				SWIFT_VERSION = 5.0;
				TARGETED_DEVICE_FAMILY = "1,2";
				TEST_HOST = "$(BUILT_PRODUCTS_DIR)/CounterRedux.app/CounterRedux";
			};
			name = Release;
		};
		3366FC6724E45A2000E973BB /* Debug */ = {
			isa = XCBuildConfiguration;
			buildSettings = {
				ALWAYS_EMBED_SWIFT_STANDARD_LIBRARIES = YES;
				CODE_SIGN_STYLE = Automatic;
				DEVELOPMENT_TEAM = TPEU763568;
				INFOPLIST_FILE = CounterReduxUITests/Info.plist;
				LD_RUNPATH_SEARCH_PATHS = (
					"$(inherited)",
					"@executable_path/Frameworks",
					"@loader_path/Frameworks",
				);
				PRODUCT_BUNDLE_IDENTIFIER = mei.CounterReduxUITests;
				PRODUCT_NAME = "$(TARGET_NAME)";
				SWIFT_VERSION = 5.0;
				TARGETED_DEVICE_FAMILY = "1,2";
				TEST_TARGET_NAME = CounterRedux;
			};
			name = Debug;
		};
		3366FC6824E45A2000E973BB /* Release */ = {
			isa = XCBuildConfiguration;
			buildSettings = {
				ALWAYS_EMBED_SWIFT_STANDARD_LIBRARIES = YES;
				CODE_SIGN_STYLE = Automatic;
				DEVELOPMENT_TEAM = TPEU763568;
				INFOPLIST_FILE = CounterReduxUITests/Info.plist;
				LD_RUNPATH_SEARCH_PATHS = (
					"$(inherited)",
					"@executable_path/Frameworks",
					"@loader_path/Frameworks",
				);
				PRODUCT_BUNDLE_IDENTIFIER = mei.CounterReduxUITests;
				PRODUCT_NAME = "$(TARGET_NAME)";
				SWIFT_VERSION = 5.0;
				TARGETED_DEVICE_FAMILY = "1,2";
				TEST_TARGET_NAME = CounterRedux;
			};
			name = Release;
		};
/* End XCBuildConfiguration section */

/* Begin XCConfigurationList section */
		3366FC3124E45A1700E973BB /* Build configuration list for PBXProject "CounterRedux" */ = {
			isa = XCConfigurationList;
			buildConfigurations = (
				3366FC5E24E45A2000E973BB /* Debug */,
				3366FC5F24E45A2000E973BB /* Release */,
			);
			defaultConfigurationIsVisible = 0;
			defaultConfigurationName = Release;
		};
		3366FC6024E45A2000E973BB /* Build configuration list for PBXNativeTarget "CounterRedux" */ = {
			isa = XCConfigurationList;
			buildConfigurations = (
				3366FC6124E45A2000E973BB /* Debug */,
				3366FC6224E45A2000E973BB /* Release */,
			);
			defaultConfigurationIsVisible = 0;
			defaultConfigurationName = Release;
		};
		3366FC6324E45A2000E973BB /* Build configuration list for PBXNativeTarget "CounterReduxTests" */ = {
			isa = XCConfigurationList;
			buildConfigurations = (
				3366FC6424E45A2000E973BB /* Debug */,
				3366FC6524E45A2000E973BB /* Release */,
			);
			defaultConfigurationIsVisible = 0;
			defaultConfigurationName = Release;
		};
		3366FC6624E45A2000E973BB /* Build configuration list for PBXNativeTarget "CounterReduxUITests" */ = {
			isa = XCConfigurationList;
			buildConfigurations = (
				3366FC6724E45A2000E973BB /* Debug */,
				3366FC6824E45A2000E973BB /* Release */,
			);
			defaultConfigurationIsVisible = 0;
			defaultConfigurationName = Release;
		};
/* End XCConfigurationList section */

/* Begin XCRemoteSwiftPackageReference section */
		3366FC6B24E45B6000E973BB /* XCRemoteSwiftPackageReference "ReSwift" */ = {
			isa = XCRemoteSwiftPackageReference;
			repositoryURL = "https://github.com/ReSwift/ReSwift";
			requirement = {
				kind = upToNextMajorVersion;
				minimumVersion = 5.0.0;
			};
		};
/* End XCRemoteSwiftPackageReference section */

/* Begin XCSwiftPackageProductDependency section */
		3366FC6C24E45B6000E973BB /* ReSwift */ = {
			isa = XCSwiftPackageProductDependency;
			package = 3366FC6B24E45B6000E973BB /* XCRemoteSwiftPackageReference "ReSwift" */;
			productName = ReSwift;
		};
/* End XCSwiftPackageProductDependency section */
	};
	rootObject = 3366FC2E24E45A1700E973BB /* Project object */;
}
